
Microsoft Visual Studio Solution File, Format Version 12.00
# Visual Studio Version 16
VisualStudioVersion = 16.0.31025.194
MinimumVisualStudioVersion = 10.0.40219.1
Project("{FAE04EC0-301F-11D3-BF4B-00C04F79EFBC}") = "HelloWinform", "HelloWinform\HelloWinform.csproj", "{BB5F0E3B-F061-4352-AB7A-945CAA91AF84}"
EndProject
Global
	GlobalSection(SolutionConfigurationPlatforms) = preSolution
		Debug|Any CPU = Debug|Any CPU
		Release|Any CPU = Release|Any CPU
	EndGlobalSection
	GlobalSection(ProjectConfigurationPlatforms) = postSolution
		{BB5F0E3B-F061-4352-AB7A-945CAA91AF84}.Debug|Any CPU.ActiveCfg = Debug|Any CPU
		{BB5F0E3B-F061-4352-AB7A-945CAA91AF84}.Debug|Any CPU.Build.0 = Debug|Any CPU
		{BB5F0E3B-F061-4352-AB7A-945CAA91AF84}.Release|Any CPU.ActiveCfg = Release|Any CPU
		{BB5F0E3B-F061-4352-AB7A-945CAA91AF84}.Release|Any CPU.Build.0 = Release|Any CPU
	EndGlobalSection
	GlobalSection(SolutionProperties) = preSolution
		HideSolutionNode = FALSE
	EndGlobalSection
	GlobalSection(ExtensibilityGlobals) = postSolution
		SolutionGuid = {B24FB97F-D0DA-495F-A05D-C1085FBC93C7}
	EndGlobalSection
EndGlobal
